
Microsoft Visual Studio Solution File, Format Version 12.00
# Visual Studio Version 17
VisualStudioVersion = 17.8.34525.116
MinimumVisualStudioVersion = 10.0.40219.1
Project("{FAE04EC0-301F-11D3-BF4B-00C04F79EFBC}") = "MvcCorePaginacionRegistros", "MvcCorePaginacionRegistros\MvcCorePaginacionRegistros.csproj", "{1F26C430-2617-4DC4-939E-4AB066E53DF2}"
EndProject
Global
	GlobalSection(SolutionConfigurationPlatforms) = preSolution
		Debug|Any CPU = Debug|Any CPU
		Release|Any CPU = Release|Any CPU
	EndGlobalSection
	GlobalSection(ProjectConfigurationPlatforms) = postSolution
		{1F26C430-2617-4DC4-939E-4AB066E53DF2}.Debug|Any CPU.ActiveCfg = Debug|Any CPU
		{1F26C430-2617-4DC4-939E-4AB066E53DF2}.Debug|Any CPU.Build.0 = Debug|Any CPU
		{1F26C430-2617-4DC4-939E-4AB066E53DF2}.Release|Any CPU.ActiveCfg = Release|Any CPU
		{1F26C430-2617-4DC4-939E-4AB066E53DF2}.Release|Any CPU.Build.0 = Release|Any CPU
	EndGlobalSection
	GlobalSection(SolutionProperties) = preSolution
		HideSolutionNode = FALSE
	EndGlobalSection
	GlobalSection(ExtensibilityGlobals) = postSolution
		SolutionGuid = {0493E07B-BFA7-417D-830D-422217491F9E}
	EndGlobalSection
EndGlobal
